
Microsoft Visual Studio Solution File, Format Version 12.00
# Visual Studio Version 16
VisualStudioVersion = 16.0.30114.105
MinimumVisualStudioVersion = 10.0.40219.1
Project("{9A19103F-16F7-4668-BE54-9A1E7A4F7556}") = "OleVanSanten.TestTools.Core", "OleVanSanten.TestTools.Core\OleVanSanten.TestTools.Core.csproj", "{7E751EA5-25A2-4422-8459-679BD14BCE4E}"
EndProject
Project("{9A19103F-16F7-4668-BE54-9A1E7A4F7556}") = "OleVanSanten.TestTools.Core.Tests", "OleVanSanten.TestTools.Core.Tests\OleVanSanten.TestTools.Core.Tests.csproj", "{5A128577-05AE-4DE5-A302-E6741E801572}"
EndProject
Project("{9A19103F-16F7-4668-BE54-9A1E7A4F7556}") = "OleVanSanten.TestTools.MSBuild", "OleVanSanten.TestTools.MSBuild\OleVanSanten.TestTools.MSBuild.csproj", "{3AEF5BEC-E3AB-4E07-95FE-D56E93BA780C}"
EndProject
Project("{9A19103F-16F7-4668-BE54-9A1E7A4F7556}") = "OleVanSanten.TestTools.MSBuild.Tasks", "OleVanSanten.TestTools.MSBuild.Tasks\OleVanSanten.TestTools.MSBuild.Tasks.csproj", "{9C5C19B7-2E8E-4328-8A8C-03BBDE670FB9}"
EndProject
Global
	GlobalSection(SolutionConfigurationPlatforms) = preSolution
		Debug|Any CPU = Debug|Any CPU
		Release|Any CPU = Release|Any CPU
	EndGlobalSection
	GlobalSection(ProjectConfigurationPlatforms) = postSolution
		{7E751EA5-25A2-4422-8459-679BD14BCE4E}.Debug|Any CPU.ActiveCfg = Debug|Any CPU
		{7E751EA5-25A2-4422-8459-679BD14BCE4E}.Debug|Any CPU.Build.0 = Debug|Any CPU
		{7E751EA5-25A2-4422-8459-679BD14BCE4E}.Release|Any CPU.ActiveCfg = Release|Any CPU
		{7E751EA5-25A2-4422-8459-679BD14BCE4E}.Release|Any CPU.Build.0 = Release|Any CPU
		{5A128577-05AE-4DE5-A302-E6741E801572}.Debug|Any CPU.ActiveCfg = Debug|Any CPU
		{5A128577-05AE-4DE5-A302-E6741E801572}.Debug|Any CPU.Build.0 = Debug|Any CPU
		{5A128577-05AE-4DE5-A302-E6741E801572}.Release|Any CPU.ActiveCfg = Release|Any CPU
		{5A128577-05AE-4DE5-A302-E6741E801572}.Release|Any CPU.Build.0 = Release|Any CPU
		{3AEF5BEC-E3AB-4E07-95FE-D56E93BA780C}.Debug|Any CPU.ActiveCfg = Debug|Any CPU
		{3AEF5BEC-E3AB-4E07-95FE-D56E93BA780C}.Debug|Any CPU.Build.0 = Debug|Any CPU
		{3AEF5BEC-E3AB-4E07-95FE-D56E93BA780C}.Release|Any CPU.ActiveCfg = Release|Any CPU
		{3AEF5BEC-E3AB-4E07-95FE-D56E93BA780C}.Release|Any CPU.Build.0 = Release|Any CPU
		{9C5C19B7-2E8E-4328-8A8C-03BBDE670FB9}.Debug|Any CPU.ActiveCfg = Debug|Any CPU
		{9C5C19B7-2E8E-4328-8A8C-03BBDE670FB9}.Debug|Any CPU.Build.0 = Debug|Any CPU
		{9C5C19B7-2E8E-4328-8A8C-03BBDE670FB9}.Release|Any CPU.ActiveCfg = Release|Any CPU
		{9C5C19B7-2E8E-4328-8A8C-03BBDE670FB9}.Release|Any CPU.Build.0 = Release|Any CPU
	EndGlobalSection
	GlobalSection(SolutionProperties) = preSolution
		HideSolutionNode = FALSE
	EndGlobalSection
	GlobalSection(ExtensibilityGlobals) = postSolution
		SolutionGuid = {D2FDAA01-FB85-464B-9AFD-F5C897D3585A}
	EndGlobalSection
EndGlobal
