
Microsoft Visual Studio Solution File, Format Version 12.00
# Visual Studio Version 16
VisualStudioVersion = 16.0.30114.105
MinimumVisualStudioVersion = 10.0.40219.1
Project("{9A19103F-16F7-4668-BE54-9A1E7A4F7556}") = "OleVanSanten.TestTools", "OleVanSanten.TestTools\OleVanSanten.TestTools.csproj", "{2EE870B2-B72E-4BC5-A756-193A321F5C6B}"
EndProject
Project("{9A19103F-16F7-4668-BE54-9A1E7A4F7556}") = "OleVanSanten.TestTools.Tasks", "OleVanSanten.TestTools.Tasks\OleVanSanten.TestTools.Tasks.csproj", "{0E3137E8-6CB2-41AA-AFE4-AF02E638B630}"
EndProject
Project("{9A19103F-16F7-4668-BE54-9A1E7A4F7556}") = "OleVanSanten.TestTools.Tests", "OleVanSanten.TestTools.Tests\OleVanSanten.TestTools.Tests.csproj", "{BCEFBAD0-429D-4804-8551-0BC7AFAC3DEB}"
EndProject
Project("{9A19103F-16F7-4668-BE54-9A1E7A4F7556}") = "OleVanSanten.TestTools.PracticalTests", "OleVanSanten.TestTools.PracticalTests\OleVanSanten.TestTools.PracticalTests.csproj", "{044AA964-7D4F-44EF-A448-DAA5D51F043F}"
EndProject
Project("{9A19103F-16F7-4668-BE54-9A1E7A4F7556}") = "OleVanSanten.TestTools.MSTest", "OleVanSanten.TestTools.MSTest\OleVanSanten.TestTools.MSTest.csproj", "{D81D0F02-0215-4F29-BA17-3243E7B34B8D}"
EndProject
Global
	GlobalSection(SolutionConfigurationPlatforms) = preSolution
		Debug|Any CPU = Debug|Any CPU
		Release|Any CPU = Release|Any CPU
	EndGlobalSection
	GlobalSection(ProjectConfigurationPlatforms) = postSolution
		{2EE870B2-B72E-4BC5-A756-193A321F5C6B}.Debug|Any CPU.ActiveCfg = Debug|Any CPU
		{2EE870B2-B72E-4BC5-A756-193A321F5C6B}.Debug|Any CPU.Build.0 = Debug|Any CPU
		{2EE870B2-B72E-4BC5-A756-193A321F5C6B}.Release|Any CPU.ActiveCfg = Release|Any CPU
		{2EE870B2-B72E-4BC5-A756-193A321F5C6B}.Release|Any CPU.Build.0 = Release|Any CPU
		{0E3137E8-6CB2-41AA-AFE4-AF02E638B630}.Debug|Any CPU.ActiveCfg = Debug|Any CPU
		{0E3137E8-6CB2-41AA-AFE4-AF02E638B630}.Debug|Any CPU.Build.0 = Debug|Any CPU
		{0E3137E8-6CB2-41AA-AFE4-AF02E638B630}.Release|Any CPU.ActiveCfg = Release|Any CPU
		{0E3137E8-6CB2-41AA-AFE4-AF02E638B630}.Release|Any CPU.Build.0 = Release|Any CPU
		{BCEFBAD0-429D-4804-8551-0BC7AFAC3DEB}.Debug|Any CPU.ActiveCfg = Debug|Any CPU
		{BCEFBAD0-429D-4804-8551-0BC7AFAC3DEB}.Debug|Any CPU.Build.0 = Debug|Any CPU
		{BCEFBAD0-429D-4804-8551-0BC7AFAC3DEB}.Release|Any CPU.ActiveCfg = Release|Any CPU
		{BCEFBAD0-429D-4804-8551-0BC7AFAC3DEB}.Release|Any CPU.Build.0 = Release|Any CPU
		{044AA964-7D4F-44EF-A448-DAA5D51F043F}.Debug|Any CPU.ActiveCfg = Debug|Any CPU
		{044AA964-7D4F-44EF-A448-DAA5D51F043F}.Debug|Any CPU.Build.0 = Debug|Any CPU
		{044AA964-7D4F-44EF-A448-DAA5D51F043F}.Release|Any CPU.ActiveCfg = Release|Any CPU
		{044AA964-7D4F-44EF-A448-DAA5D51F043F}.Release|Any CPU.Build.0 = Release|Any CPU
		{D81D0F02-0215-4F29-BA17-3243E7B34B8D}.Debug|Any CPU.ActiveCfg = Debug|Any CPU
		{D81D0F02-0215-4F29-BA17-3243E7B34B8D}.Debug|Any CPU.Build.0 = Debug|Any CPU
		{D81D0F02-0215-4F29-BA17-3243E7B34B8D}.Release|Any CPU.ActiveCfg = Release|Any CPU
		{D81D0F02-0215-4F29-BA17-3243E7B34B8D}.Release|Any CPU.Build.0 = Release|Any CPU
	EndGlobalSection
	GlobalSection(SolutionProperties) = preSolution
		HideSolutionNode = FALSE
	EndGlobalSection
	GlobalSection(ExtensibilityGlobals) = postSolution
		SolutionGuid = {D2FDAA01-FB85-464B-9AFD-F5C897D3585A}
	EndGlobalSection
EndGlobal
